
Microsoft Visual Studio Solution File, Format Version 12.00
# Visual Studio Version 17
VisualStudioVersion = 17.7.34009.444
MinimumVisualStudioVersion = 10.0.40219.1
Project("{FAE04EC0-301F-11D3-BF4B-00C04F79EFBC}") = "FirstReadWrite", "FirstReadWrite\FirstReadWrite.csproj", "{584C74C5-1502-4AA3-B5DA-AD207CD66FAE}"
EndProject
Global
	GlobalSection(SolutionConfigurationPlatforms) = preSolution
		Debug|Any CPU = Debug|Any CPU
		Release|Any CPU = Release|Any CPU
	EndGlobalSection
	GlobalSection(ProjectConfigurationPlatforms) = postSolution
		{584C74C5-1502-4AA3-B5DA-AD207CD66FAE}.Debug|Any CPU.ActiveCfg = Debug|Any CPU
		{584C74C5-1502-4AA3-B5DA-AD207CD66FAE}.Debug|Any CPU.Build.0 = Debug|Any CPU
		{584C74C5-1502-4AA3-B5DA-AD207CD66FAE}.Release|Any CPU.ActiveCfg = Release|Any CPU
		{584C74C5-1502-4AA3-B5DA-AD207CD66FAE}.Release|Any CPU.Build.0 = Release|Any CPU
	EndGlobalSection
	GlobalSection(SolutionProperties) = preSolution
		HideSolutionNode = FALSE
	EndGlobalSection
	GlobalSection(ExtensibilityGlobals) = postSolution
		SolutionGuid = {CBF0FD5D-D32C-468B-8160-3561BB52C58C}
	EndGlobalSection
EndGlobal
